
Microsoft Visual Studio Solution File, Format Version 12.00
# Visual Studio Version 16
VisualStudioVersion = 16.0.30804.86
MinimumVisualStudioVersion = 10.0.40219.1
Project("{FAE04EC0-301F-11D3-BF4B-00C04F79EFBC}") = "EventoGestao", "EventoGestao\EventoGestao.csproj", "{3DB904CC-EA54-4792-81CA-05A7045CACBB}"
EndProject
Global
	GlobalSection(SolutionConfigurationPlatforms) = preSolution
		Debug|Any CPU = Debug|Any CPU
		Release|Any CPU = Release|Any CPU
	EndGlobalSection
	GlobalSection(ProjectConfigurationPlatforms) = postSolution
		{3DB904CC-EA54-4792-81CA-05A7045CACBB}.Debug|Any CPU.ActiveCfg = Debug|Any CPU
		{3DB904CC-EA54-4792-81CA-05A7045CACBB}.Debug|Any CPU.Build.0 = Debug|Any CPU
		{3DB904CC-EA54-4792-81CA-05A7045CACBB}.Release|Any CPU.ActiveCfg = Release|Any CPU
		{3DB904CC-EA54-4792-81CA-05A7045CACBB}.Release|Any CPU.Build.0 = Release|Any CPU
	EndGlobalSection
	GlobalSection(SolutionProperties) = preSolution
		HideSolutionNode = FALSE
	EndGlobalSection
	GlobalSection(ExtensibilityGlobals) = postSolution
		SolutionGuid = {5EB9FF4C-EE5D-44AD-A718-8A3E91F984A3}
	EndGlobalSection
EndGlobal
